Microsoft Visual Studio Solution File, Format Version 12.00
# Visual Studio Version 17
VisualStudioVersion = 17.5.2.0
MinimumVisualStudioVersion = 10.0.40219.1
Project("{FAE04EC0-301F-11D3-BF4B-00C04F79EFBC}") = "assertionpart1", "assertionpart1\assertionpart1.csproj", "{EF48833B-60C0-41F1-BC2C-634E3E2D78C6}"
EndProject
Project("{FAE04EC0-301F-11D3-BF4B-00C04F79EFBC}") = "assertionpart2", "assertionpart2\assertionpart2.csproj", "{C4D94654-6ACC-2A9B-6CCB-682B75BE525F}"
EndProject
Global
	GlobalSection(SolutionConfigurationPlatforms) = preSolution
		Debug|Any CPU = Debug|Any CPU
		Release|Any CPU = Release|Any CPU
	EndGlobalSection
	GlobalSection(ProjectConfigurationPlatforms) = postSolution
		{EF48833B-60C0-41F1-BC2C-634E3E2D78C6}.Debug|Any CPU.ActiveCfg = Debug|Any CPU
		{EF48833B-60C0-41F1-BC2C-634E3E2D78C6}.Debug|Any CPU.Build.0 = Debug|Any CPU
		{EF48833B-60C0-41F1-BC2C-634E3E2D78C6}.Release|Any CPU.ActiveCfg = Release|Any CPU
		{EF48833B-60C0-41F1-BC2C-634E3E2D78C6}.Release|Any CPU.Build.0 = Release|Any CPU
		{C4D94654-6ACC-2A9B-6CCB-682B75BE525F}.Debug|Any CPU.ActiveCfg = Debug|Any CPU
		{C4D94654-6ACC-2A9B-6CCB-682B75BE525F}.Debug|Any CPU.Build.0 = Debug|Any CPU
		{C4D94654-6ACC-2A9B-6CCB-682B75BE525F}.Release|Any CPU.ActiveCfg = Release|Any CPU
		{C4D94654-6ACC-2A9B-6CCB-682B75BE525F}.Release|Any CPU.Build.0 = Release|Any CPU
	EndGlobalSection
	GlobalSection(SolutionProperties) = preSolution
		HideSolutionNode = FALSE
	EndGlobalSection
	GlobalSection(ExtensibilityGlobals) = postSolution
		SolutionGuid = {1C35FB53-A045-4ADA-810D-9BDA5F72DB16}
	EndGlobalSection
EndGlobal
