Microsoft Visual Studio Solution File, Format Version 12.00
# Visual Studio Version 17
VisualStudioVersion = 17.5.2.0
MinimumVisualStudioVersion = 10.0.40219.1
Project("{FAE04EC0-301F-11D3-BF4B-00C04F79EFBC}") = "ifstatementpart1", "ifstatementpart1\ifstatementpart1.csproj", "{44089BF1-A324-FB70-2F02-85CB68F63318}"
EndProject
Global
	GlobalSection(SolutionConfigurationPlatforms) = preSolution
		Debug|Any CPU = Debug|Any CPU
		Release|Any CPU = Release|Any CPU
	EndGlobalSection
	GlobalSection(ProjectConfigurationPlatforms) = postSolution
		{44089BF1-A324-FB70-2F02-85CB68F63318}.Debug|Any CPU.ActiveCfg = Debug|Any CPU
		{44089BF1-A324-FB70-2F02-85CB68F63318}.Debug|Any CPU.Build.0 = Debug|Any CPU
		{44089BF1-A324-FB70-2F02-85CB68F63318}.Release|Any CPU.ActiveCfg = Release|Any CPU
		{44089BF1-A324-FB70-2F02-85CB68F63318}.Release|Any CPU.Build.0 = Release|Any CPU
	EndGlobalSection
	GlobalSection(SolutionProperties) = preSolution
		HideSolutionNode = FALSE
	EndGlobalSection
	GlobalSection(ExtensibilityGlobals) = postSolution
		SolutionGuid = {9B8ECED0-FA50-467D-BEB4-EFA6B4A79FC6}
	EndGlobalSection
EndGlobal
