Microsoft Visual Studio Solution File, Format Version 12.00
# Visual Studio Version 17
VisualStudioVersion = 17.5.2.0
MinimumVisualStudioVersion = 10.0.40219.1
Project("{FAE04EC0-301F-11D3-BF4B-00C04F79EFBC}") = "stringpart2", "stringpart2.csproj", "{A24667D0-83CB-D621-B2E4-63A74965BDC1}"
EndProject
Global
	GlobalSection(SolutionConfigurationPlatforms) = preSolution
		Debug|Any CPU = Debug|Any CPU
		Release|Any CPU = Release|Any CPU
	EndGlobalSection
	GlobalSection(ProjectConfigurationPlatforms) = postSolution
		{A24667D0-83CB-D621-B2E4-63A74965BDC1}.Debug|Any CPU.ActiveCfg = Debug|Any CPU
		{A24667D0-83CB-D621-B2E4-63A74965BDC1}.Debug|Any CPU.Build.0 = Debug|Any CPU
		{A24667D0-83CB-D621-B2E4-63A74965BDC1}.Release|Any CPU.ActiveCfg = Release|Any CPU
		{A24667D0-83CB-D621-B2E4-63A74965BDC1}.Release|Any CPU.Build.0 = Release|Any CPU
	EndGlobalSection
	GlobalSection(SolutionProperties) = preSolution
		HideSolutionNode = FALSE
	EndGlobalSection
	GlobalSection(ExtensibilityGlobals) = postSolution
		SolutionGuid = {80ABEB78-9017-4E7B-939C-506256824465}
	EndGlobalSection
EndGlobal
