Microsoft Visual Studio Solution File, Format Version 12.00
# Visual Studio Version 17
VisualStudioVersion = 17.5.2.0
MinimumVisualStudioVersion = 10.0.40219.1
Project("{FAE04EC0-301F-11D3-BF4B-00C04F79EFBC}") = "whilelooppart3A", "whilelooppart3A.csproj", "{A268875F-B4B6-BF31-9BFA-E945124CF276}"
EndProject
Global
	GlobalSection(SolutionConfigurationPlatforms) = preSolution
		Debug|Any CPU = Debug|Any CPU
		Release|Any CPU = Release|Any CPU
	EndGlobalSection
	GlobalSection(ProjectConfigurationPlatforms) = postSolution
		{A268875F-B4B6-BF31-9BFA-E945124CF276}.Debug|Any CPU.ActiveCfg = Debug|Any CPU
		{A268875F-B4B6-BF31-9BFA-E945124CF276}.Debug|Any CPU.Build.0 = Debug|Any CPU
		{A268875F-B4B6-BF31-9BFA-E945124CF276}.Release|Any CPU.ActiveCfg = Release|Any CPU
		{A268875F-B4B6-BF31-9BFA-E945124CF276}.Release|Any CPU.Build.0 = Release|Any CPU
	EndGlobalSection
	GlobalSection(SolutionProperties) = preSolution
		HideSolutionNode = FALSE
	EndGlobalSection
	GlobalSection(ExtensibilityGlobals) = postSolution
		SolutionGuid = {F2F0A4CE-4035-4B79-8759-41E64DA7AFF3}
	EndGlobalSection
EndGlobal
