Microsoft Visual Studio Solution File, Format Version 12.00
# Visual Studio Version 17
VisualStudioVersion = 17.5.2.0
MinimumVisualStudioVersion = 10.0.40219.1
Project("{FAE04EC0-301F-11D3-BF4B-00C04F79EFBC}") = "stringpart3", "stringpart3.csproj", "{B3DD70AC-E442-FAF5-345F-02487B9DE5F0}"
EndProject
Global
	GlobalSection(SolutionConfigurationPlatforms) = preSolution
		Debug|Any CPU = Debug|Any CPU
		Release|Any CPU = Release|Any CPU
	EndGlobalSection
	GlobalSection(ProjectConfigurationPlatforms) = postSolution
		{B3DD70AC-E442-FAF5-345F-02487B9DE5F0}.Debug|Any CPU.ActiveCfg = Debug|Any CPU
		{B3DD70AC-E442-FAF5-345F-02487B9DE5F0}.Debug|Any CPU.Build.0 = Debug|Any CPU
		{B3DD70AC-E442-FAF5-345F-02487B9DE5F0}.Release|Any CPU.ActiveCfg = Release|Any CPU
		{B3DD70AC-E442-FAF5-345F-02487B9DE5F0}.Release|Any CPU.Build.0 = Release|Any CPU
	EndGlobalSection
	GlobalSection(SolutionProperties) = preSolution
		HideSolutionNode = FALSE
	EndGlobalSection
	GlobalSection(ExtensibilityGlobals) = postSolution
		SolutionGuid = {C2681D5A-E26F-4C3D-A50D-B824BB0FE4BC}
	EndGlobalSection
EndGlobal
