Microsoft Visual Studio Solution File, Format Version 12.00
# Visual Studio Version 17
VisualStudioVersion = 17.5.2.0
MinimumVisualStudioVersion = 10.0.40219.1
Project("{FAE04EC0-301F-11D3-BF4B-00C04F79EFBC}") = "mathpart1", "mathpart1.csproj", "{8657DC1B-36E1-176D-FBA0-3D7762430038}"
EndProject
Global
	GlobalSection(SolutionConfigurationPlatforms) = preSolution
		Debug|Any CPU = Debug|Any CPU
		Release|Any CPU = Release|Any CPU
	EndGlobalSection
	GlobalSection(ProjectConfigurationPlatforms) = postSolution
		{8657DC1B-36E1-176D-FBA0-3D7762430038}.Debug|Any CPU.ActiveCfg = Debug|Any CPU
		{8657DC1B-36E1-176D-FBA0-3D7762430038}.Debug|Any CPU.Build.0 = Debug|Any CPU
		{8657DC1B-36E1-176D-FBA0-3D7762430038}.Release|Any CPU.ActiveCfg = Release|Any CPU
		{8657DC1B-36E1-176D-FBA0-3D7762430038}.Release|Any CPU.Build.0 = Release|Any CPU
	EndGlobalSection
	GlobalSection(SolutionProperties) = preSolution
		HideSolutionNode = FALSE
	EndGlobalSection
	GlobalSection(ExtensibilityGlobals) = postSolution
		SolutionGuid = {E693BE3D-C92E-4856-80EB-D537CEE4D098}
	EndGlobalSection
EndGlobal
