Microsoft Visual Studio Solution File, Format Version 12.00
# Visual Studio Version 17
VisualStudioVersion = 17.5.2.0
MinimumVisualStudioVersion = 10.0.40219.1
Project("{FAE04EC0-301F-11D3-BF4B-00C04F79EFBC}") = "stringpart1", "stringpart1.csproj", "{F765F084-F47D-A67F-D795-1E81D824ABAD}"
EndProject
Global
	GlobalSection(SolutionConfigurationPlatforms) = preSolution
		Debug|Any CPU = Debug|Any CPU
		Release|Any CPU = Release|Any CPU
	EndGlobalSection
	GlobalSection(ProjectConfigurationPlatforms) = postSolution
		{F765F084-F47D-A67F-D795-1E81D824ABAD}.Debug|Any CPU.ActiveCfg = Debug|Any CPU
		{F765F084-F47D-A67F-D795-1E81D824ABAD}.Debug|Any CPU.Build.0 = Debug|Any CPU
		{F765F084-F47D-A67F-D795-1E81D824ABAD}.Release|Any CPU.ActiveCfg = Release|Any CPU
		{F765F084-F47D-A67F-D795-1E81D824ABAD}.Release|Any CPU.Build.0 = Release|Any CPU
	EndGlobalSection
	GlobalSection(SolutionProperties) = preSolution
		HideSolutionNode = FALSE
	EndGlobalSection
	GlobalSection(ExtensibilityGlobals) = postSolution
		SolutionGuid = {73F6708E-C720-4520-8589-EB3DDE4B427A}
	EndGlobalSection
EndGlobal
